<?xml version="1.0" encoding="utf-8"?>
<Project ToolsVersion="4.0" xmlns="http://schemas.microsoft.com/developer/msbuild/2003">
  <ItemGroup>
    <ClCompile Include="src\APU.cpp" />
    <ClCompile Include="src\CPU.cpp" />
    <ClCompile Include="src\INESParser.cpp" />
    <ClCompile Include="src\Input.cpp" />
    <ClCompile Include="src\MM5.cpp" />
    <ClCompile Include="src\NESemu.cpp" />
    <ClCompile Include="src\PPU.cpp" />
    <ClCompile Include="src\RAM.cpp" />
    <ClCompile Include="src\ROM.cpp" />
    <ClCompile Include="src\SRAM.cpp" />
    <ClCompile Include="src\LogUtils.cpp" />
    <ClCompile Include="src\opcodes\LDA.cpp">
      <Filter>opcodes</Filter>
    </ClCompile>
    <ClCompile Include="src\opcodes\LDX.cpp">
      <Filter>opcodes</Filter>
    </ClCompile>
    <ClCompile Include="src\opcodes\LDY.cpp">
      <Filter>opcodes</Filter>
    </ClCompile>
    <ClCompile Include="src\opcodes\ADC.cpp">
      <Filter>opcodes</Filter>
    </ClCompile>
    <ClCompile Include="src\opcodes\STA.cpp">
      <Filter>opcodes</Filter>
    </ClCompile>
    <ClCompile Include="src\opcodes\STX.cpp">
      <Filter>opcodes</Filter>
    </ClCompile>
    <ClCompile Include="src\opcodes\STY.cpp">
      <Filter>opcodes</Filter>
    </ClCompile>
    <ClCompile Include="src\opcodes\CLC.cpp">
      <Filter>opcodes</Filter>
    </ClCompile>
    <ClCompile Include="src\opcodes\SEC.cpp">
      <Filter>opcodes</Filter>
    </ClCompile>
    <ClCompile Include="src\opcodes\CLV.cpp">
      <Filter>opcodes</Filter>
    </ClCompile>
    <ClCompile Include="src\opcodes\CLI.cpp">
      <Filter>opcodes</Filter>
    </ClCompile>
    <ClCompile Include="src\opcodes\SEI.cpp">
      <Filter>opcodes</Filter>
    </ClCompile>
    <ClCompile Include="src\opcodes\CLD.cpp">
      <Filter>opcodes</Filter>
    </ClCompile>
    <ClCompile Include="src\opcodes\SED.cpp">
      <Filter>opcodes</Filter>
    </ClCompile>
    <ClCompile Include="src\opcodes\SBC.cpp">
      <Filter>opcodes</Filter>
    </ClCompile>
    <ClCompile Include="src\opcodes\DEX.cpp">
      <Filter>opcodes</Filter>
    </ClCompile>
    <ClCompile Include="src\opcodes\INX.cpp">
      <Filter>opcodes</Filter>
    </ClCompile>
  </ItemGroup>
  <ItemGroup>
    <ClInclude Include="src\APU.h" />
    <ClInclude Include="src\Assert.h" />
    <ClInclude Include="src\CPU.h" />
    <ClInclude Include="src\INESParser.h" />
    <ClInclude Include="src\Input.h" />
    <ClInclude Include="src\MemoryHandler.h" />
    <ClInclude Include="src\MM5.h" />
    <ClInclude Include="src\NESemu.h" />
    <ClInclude Include="src\PPU.h" />
    <ClInclude Include="src\RAM.h" />
    <ClInclude Include="src\ROM.h" />
    <ClInclude Include="src\SizeOfArray.h" />
    <ClInclude Include="src\SRAM.h" />
    <ClInclude Include="targetver.h" />
    <ClInclude Include="src\LogUtils.h" />
  </ItemGroup>
  <ItemGroup>
    <Filter Include="Header Files">
      <UniqueIdentifier>{6560f542-dca7-4f87-b121-7ea539c5deda}</UniqueIdentifier>
    </Filter>
    <Filter Include="opcodes">
      <UniqueIdentifier>{f1cceb9e-82fc-455b-90fa-c3adb410ec77}</UniqueIdentifier>
    </Filter>
  </ItemGroup>
</Project>